
Microsoft Visual Studio Solution File, Format Version 12.00
# Visual Studio Version 17
VisualStudioVersion = 17.6.33815.320
MinimumVisualStudioVersion = 10.0.40219.1
Project("{FAE04EC0-301F-11D3-BF4B-00C04F79EFBC}") = "Actividad9", "Actividad9.csproj", "{358E0AB0-C0D8-4F9C-921C-791B8BE70383}"
EndProject
Global
	GlobalSection(SolutionConfigurationPlatforms) = preSolution
		Debug|Any CPU = Debug|Any CPU
		Release|Any CPU = Release|Any CPU
	EndGlobalSection
	GlobalSection(ProjectConfigurationPlatforms) = postSolution
		{358E0AB0-C0D8-4F9C-921C-791B8BE70383}.Debug|Any CPU.ActiveCfg = Debug|Any CPU
		{358E0AB0-C0D8-4F9C-921C-791B8BE70383}.Debug|Any CPU.Build.0 = Debug|Any CPU
		{358E0AB0-C0D8-4F9C-921C-791B8BE70383}.Release|Any CPU.ActiveCfg = Release|Any CPU
		{358E0AB0-C0D8-4F9C-921C-791B8BE70383}.Release|Any CPU.Build.0 = Release|Any CPU
	EndGlobalSection
	GlobalSection(SolutionProperties) = preSolution
		HideSolutionNode = FALSE
	EndGlobalSection
	GlobalSection(ExtensibilityGlobals) = postSolution
		SolutionGuid = {A0E6B9C8-B3D8-4969-86E7-9E902EE38F9B}
	EndGlobalSection
EndGlobal
